
Microsoft Visual Studio Solution File, Format Version 15.00
# Visual Studio 2017
Project("{FAE04EC0-301F-11D3-BF4B-00C04F79EFBC}") = "UnitTest", "UnitTest.csproj", "{32ABC98A-5A1A-42A8-B042-4CE6E8F13AA3}"
EndProject
Global
	GlobalSection(SolutionConfigurationPlatforms) = preSolution
		Debug|Any CPU = Debug|Any CPU
		Release|Any CPU = Release|Any CPU
	EndGlobalSection
	GlobalSection(ProjectConfigurationPlatforms) = postSolution
		{32ABC98A-5A1A-42A8-B042-4CE6E8F13AA3}.Debug|Any CPU.ActiveCfg = Debug|Any CPU
		{32ABC98A-5A1A-42A8-B042-4CE6E8F13AA3}.Debug|Any CPU.Build.0 = Debug|Any CPU
		{32ABC98A-5A1A-42A8-B042-4CE6E8F13AA3}.Release|Any CPU.ActiveCfg = Release|Any CPU
		{32ABC98A-5A1A-42A8-B042-4CE6E8F13AA3}.Release|Any CPU.Build.0 = Release|Any CPU
	EndGlobalSection
EndGlobal
